{
  "requires": true,
  "lockfileVersion": 1,
  "dependencies": {
    "@popperjs/core": {
      "version": "2.4.4",
      "resolved": "https://registry.npmjs.org/@popperjs/core/-/core-2.4.4.tgz",
      "integrity": "sha512-1oO6+dN5kdIA3sKPZhRGJTfGVP4SWV6KqlMOwry4J3HfyD68sl/3KmG7DeYUzvN+RbhXDnv/D8vNNB8168tAMg=="
    },
    "toastify-js": {
      "version": "1.9.1",
      "resolved": "https://registry.npmjs.org/toastify-js/-/toastify-js-1.9.1.tgz",
      "integrity": "sha512-B3LTJURySMix/xWqVHyj2XGVsIHesb4euGVuIaFfKxfmjM4F6HMgbW9V66DHUEt98jGlGpeTWSiSJ78UfrJVbA=="
    }
  }
}
